
Microsoft Visual Studio Solution File, Format Version 12.00
# Visual Studio Version 17
VisualStudioVersion = 17.2.32630.192
MinimumVisualStudioVersion = 10.0.40219.1
Project("{FAE04EC0-301F-11D3-BF4B-00C04F79EFBC}") = "DiscordBotTest", "DiscordBotTest\DiscordBotTest.csproj", "{FBEB56CF-BAF5-48C2-A3E8-15709FDEA01A}"
EndProject
Global
	GlobalSection(SolutionConfigurationPlatforms) = preSolution
		Debug|Any CPU = Debug|Any CPU
		Release|Any CPU = Release|Any CPU
	EndGlobalSection
	GlobalSection(ProjectConfigurationPlatforms) = postSolution
		{FBEB56CF-BAF5-48C2-A3E8-15709FDEA01A}.Debug|Any CPU.ActiveCfg = Debug|Any CPU
		{FBEB56CF-BAF5-48C2-A3E8-15709FDEA01A}.Debug|Any CPU.Build.0 = Debug|Any CPU
		{FBEB56CF-BAF5-48C2-A3E8-15709FDEA01A}.Release|Any CPU.ActiveCfg = Release|Any CPU
		{FBEB56CF-BAF5-48C2-A3E8-15709FDEA01A}.Release|Any CPU.Build.0 = Release|Any CPU
	EndGlobalSection
	GlobalSection(SolutionProperties) = preSolution
		HideSolutionNode = FALSE
	EndGlobalSection
	GlobalSection(ExtensibilityGlobals) = postSolution
		SolutionGuid = {B3695F5A-A20D-46FB-A484-4155DE6E983B}
	EndGlobalSection
EndGlobal
